
Microsoft Visual Studio Solution File, Format Version 12.00
# Visual Studio 2012
Project("{FAE04EC0-301F-11D3-BF4B-00C04F79EFBC}") = "NewRelic", "NewRelic.csproj", "{DA83B3C3-3E85-4CEB-AB67-7A89D52F4919}"
EndProject
Global
	GlobalSection(SolutionConfigurationPlatforms) = preSolution
		Debug|Any CPU = Debug|Any CPU
		Release|Any CPU = Release|Any CPU
	EndGlobalSection
	GlobalSection(ProjectConfigurationPlatforms) = postSolution
		{DA83B3C3-3E85-4CEB-AB67-7A89D52F4919}.Debug|Any CPU.ActiveCfg = Debug|Any CPU
		{DA83B3C3-3E85-4CEB-AB67-7A89D52F4919}.Debug|Any CPU.Build.0 = Debug|Any CPU
		{DA83B3C3-3E85-4CEB-AB67-7A89D52F4919}.Release|Any CPU.ActiveCfg = Release|Any CPU
		{DA83B3C3-3E85-4CEB-AB67-7A89D52F4919}.Release|Any CPU.Build.0 = Release|Any CPU
	EndGlobalSection
	GlobalSection(MonoDevelopProperties) = preSolution
		StartupItem = NewRelic.csproj
	EndGlobalSection
EndGlobal
